
Microsoft Visual Studio Solution File, Format Version 12.00
# Visual Studio 14
VisualStudioVersion = 14.0.25123.0
MinimumVisualStudioVersion = 10.0.40219.1
Project("{FAE04EC0-301F-11D3-BF4B-00C04F79EFBC}") = "10DaysStatistics", "10DaysStatistics\10DaysStatistics.csproj", "{E98B87DF-757D-46F0-A00E-C38D8F2D0B3C}"
EndProject
Project("{FAE04EC0-301F-11D3-BF4B-00C04F79EFBC}") = "ConsoleApplication1", "ConsoleApplication1\ConsoleApplication1.csproj", "{AB0DB4F6-2B73-4864-9ACE-50F76934F673}"
EndProject
Global
	GlobalSection(SolutionConfigurationPlatforms) = preSolution
		Debug|Any CPU = Debug|Any CPU
		Release|Any CPU = Release|Any CPU
	EndGlobalSection
	GlobalSection(ProjectConfigurationPlatforms) = postSolution
		{E98B87DF-757D-46F0-A00E-C38D8F2D0B3C}.Debug|Any CPU.ActiveCfg = Debug|Any CPU
		{E98B87DF-757D-46F0-A00E-C38D8F2D0B3C}.Debug|Any CPU.Build.0 = Debug|Any CPU
		{E98B87DF-757D-46F0-A00E-C38D8F2D0B3C}.Release|Any CPU.ActiveCfg = Release|Any CPU
		{E98B87DF-757D-46F0-A00E-C38D8F2D0B3C}.Release|Any CPU.Build.0 = Release|Any CPU
		{AB0DB4F6-2B73-4864-9ACE-50F76934F673}.Debug|Any CPU.ActiveCfg = Debug|Any CPU
		{AB0DB4F6-2B73-4864-9ACE-50F76934F673}.Debug|Any CPU.Build.0 = Debug|Any CPU
		{AB0DB4F6-2B73-4864-9ACE-50F76934F673}.Release|Any CPU.ActiveCfg = Release|Any CPU
		{AB0DB4F6-2B73-4864-9ACE-50F76934F673}.Release|Any CPU.Build.0 = Release|Any CPU
	EndGlobalSection
	GlobalSection(SolutionProperties) = preSolution
		HideSolutionNode = FALSE
	EndGlobalSection
EndGlobal
